PODS:
  - Swifter (2.4.0)

DEPENDENCIES:
  - Swifter (from `https://github.com/mattdonnelly/Swifter.git`, tag `2.4.0`)

EXTERNAL SOURCES:
  Swifter:
    :git: https://github.com/mattdonnelly/Swifter.git
    :tag: 2.4.0

CHECKOUT OPTIONS:
  Swifter:
    :git: https://github.com/mattdonnelly/Swifter.git
    :tag: 2.4.0

SPEC CHECKSUMS:
  Swifter: 0955a05325dc182fabfb1468305aef887180e0f1

PODFILE CHECKSUM: 2f70b6f2eb444fd9bd3e30b57487781cff9afe8c

COCOAPODS: 1.9.3
